
Microsoft Visual Studio Solution File, Format Version 12.00
# Visual Studio Version 17
VisualStudioVersion = 17.11.35219.272
MinimumVisualStudioVersion = 10.0.40219.1
Project("{FAE04EC0-301F-11D3-BF4B-00C04F79EFBC}") = "criptografar", "criptografar\criptografar.csproj", "{DD30D97D-9E46-469D-943C-8391800C26BA}"
EndProject
Global
	GlobalSection(SolutionConfigurationPlatforms) = preSolution
		Debug|Any CPU = Debug|Any CPU
		Release|Any CPU = Release|Any CPU
	EndGlobalSection
	GlobalSection(ProjectConfigurationPlatforms) = postSolution
		{DD30D97D-9E46-469D-943C-8391800C26BA}.Debug|Any CPU.ActiveCfg = Debug|Any CPU
		{DD30D97D-9E46-469D-943C-8391800C26BA}.Debug|Any CPU.Build.0 = Debug|Any CPU
		{DD30D97D-9E46-469D-943C-8391800C26BA}.Release|Any CPU.ActiveCfg = Release|Any CPU
		{DD30D97D-9E46-469D-943C-8391800C26BA}.Release|Any CPU.Build.0 = Release|Any CPU
	EndGlobalSection
	GlobalSection(SolutionProperties) = preSolution
		HideSolutionNode = FALSE
	EndGlobalSection
	GlobalSection(ExtensibilityGlobals) = postSolution
		SolutionGuid = {05C6CF6D-7FBF-4B7C-8F5C-B2A4C0D16424}
	EndGlobalSection
EndGlobal
